
Microsoft Visual Studio Solution File, Format Version 12.00
# Visual Studio Version 16
VisualStudioVersion = 16.0.30413.136
MinimumVisualStudioVersion = 10.0.40219.1
Project("{FAE04EC0-301F-11D3-BF4B-00C04F79EFBC}") = "NotesApp", "NotesApp\NotesApp.csproj", "{3D446D00-EA88-425E-BD2E-01B15A43CC3D}"
EndProject
Global
	GlobalSection(SolutionConfigurationPlatforms) = preSolution
		Debug|Any CPU = Debug|Any CPU
		Release|Any CPU = Release|Any CPU
	EndGlobalSection
	GlobalSection(ProjectConfigurationPlatforms) = postSolution
		{3D446D00-EA88-425E-BD2E-01B15A43CC3D}.Debug|Any CPU.ActiveCfg = Debug|Any CPU
		{3D446D00-EA88-425E-BD2E-01B15A43CC3D}.Debug|Any CPU.Build.0 = Debug|Any CPU
		{3D446D00-EA88-425E-BD2E-01B15A43CC3D}.Release|Any CPU.ActiveCfg = Release|Any CPU
		{3D446D00-EA88-425E-BD2E-01B15A43CC3D}.Release|Any CPU.Build.0 = Release|Any CPU
	EndGlobalSection
	GlobalSection(SolutionProperties) = preSolution
		HideSolutionNode = FALSE
	EndGlobalSection
	GlobalSection(ExtensibilityGlobals) = postSolution
		SolutionGuid = {B1BEC65C-404C-448D-8963-3D7E8CEC7129}
	EndGlobalSection
EndGlobal
